{
  "name": "dessert-marked",
  "version": "0.1.0",
  "lockfileVersion": 1,
  "requires": true,
  "dependencies": {
    "dessert-markdown-core": {
      "version": "0.2.1",
      "resolved": "https://registry.npmjs.org/dessert-markdown-core/-/dessert-markdown-core-0.2.1.tgz",
      "integrity": "sha512-md4NAfddbAWk4G/25ZZLbFgdVElQciYg5mc07WE1tYUkJbgl7zZSIClaX8Jbk9jTCyxe5cWEEq+g7ISYtsQa+Q=="
    }
  }
}
